#MicroXplorer Configuration settings - do not modify
Mcu.Family=STM32F1
RCC.PLLSourceVirtual=RCC_PLLSOURCE_HSE
ProjectManager.MainLocation=Core/Src
RCC.MCOFreq_Value=72000000
RCC.PLL3VCOoutputFreqValue=192000000
PA6.Mode=Full_Duplex_Slave
ProjectManager.ProjectFileName=STM105-105RB.ioc
USART2.IPParameters=VirtualMode
PA7.Mode=Full_Duplex_Slave
PD1-OSC_OUT.Mode=HSE-External-Oscillator
ProjectManager.KeepUserCode=true
Mcu.UserName=STM32F105RBTx
PA10.Mode=Asynchronous
Mcu.PinsNb=15
SPI1.VirtualType=VM_SLAVE
ProjectManager.NoMain=false
SPI1.IPParameters=VirtualType,Mode,Direction,CalculateBaudRate,BaudRatePrescaler
RCC.PLLCLKFreq_Value=72000000
PC7.Locked=true
ProjectManager.functionlistsort=1-MX_GPIO_Init-GPIO-false-HAL-true,2-SystemClock_Config-RCC-false-HAL-false,3-MX_USART1_UART_Init-USART1-false-HAL-true,4-MX_SPI1_Init-SPI1-false-HAL-true,5-MX_USART2_UART_Init-USART2-false-HAL-true
PC9.Locked=true
RCC.ADCFreqValue=36000000
ProjectManager.DefaultFWLocation=true
PD0-OSC_IN.Signal=RCC_OSC_IN
PB12.Locked=true
ProjectManager.DeletePrevious=true
USART1.IPParameters=VirtualMode
PB14.Locked=true
RCC.APB1CLKDivider=RCC_HCLK_DIV2
VP_SYS_VS_ND.Mode=No_Debug
NVIC.USART2_IRQn=true\:0\:0\:false\:true\:true\:3\:true\:true
PinOutPanel.RotationAngle=0
RCC.FamilyName=M
RCC.I2S3Freq_Value=72000000
RCC.SYSCLKSource=RCC_SYSCLKSOURCE_PLLCLK
ProjectManager.StackSize=0x400
PD1-OSC_OUT.Signal=RCC_OSC_OUT
PA3.Mode=Asynchronous
Mcu.IP4=USART1
RCC.FCLKCortexFreq_Value=72000000
Mcu.IP5=USART2
NVIC.SVCall_IRQn=true\:0\:0\:false\:false\:true\:false\:false
Mcu.IP2=SPI1
Mcu.IP3=SYS
Mcu.IP0=NVIC
PA9.Mode=Asynchronous
Mcu.IP1=RCC
Mcu.UserConstants=
ProjectManager.TargetToolchain=STM32CubeIDE
PB14.GPIO_Speed=GPIO_SPEED_FREQ_HIGH
Mcu.ThirdPartyNb=0
SPI1.Direction=SPI_DIRECTION_2LINES
RCC.HCLKFreq_Value=72000000
Mcu.IPNb=6
ProjectManager.PreviousToolchain=
RCC.APB2TimFreq_Value=72000000
PA9.Signal=USART1_TX
PC7.Signal=GPIO_Output
SPI1.CalculateBaudRate=18.0 MBits/s
Mcu.Pin6=PA7
Mcu.Pin7=PB12
ProjectManager.RegisterCallBack=
Mcu.Pin8=PB14
RCC.USBFreq_Value=48000000
Mcu.Pin9=PC7
RCC.AHBFreq_Value=72000000
PB12.GPIO_Speed=GPIO_SPEED_FREQ_HIGH
Mcu.Pin0=PD0-OSC_IN
Mcu.Pin1=PD1-OSC_OUT
GPIO.groupedBy=Group By Peripherals
Mcu.Pin2=PA2
PD0-OSC_IN.Mode=HSE-External-Oscillator
Mcu.Pin3=PA3
Mcu.Pin4=PA5
PB14.Signal=GPIO_Output
Mcu.Pin5=PA6
PA5.Signal=SPI1_SCK
ProjectManager.ProjectBuild=false
RCC.HSE_VALUE=12000000
NVIC.UsageFault_IRQn=true\:0\:0\:false\:false\:true\:false\:false
RCC.PLL3CLKoutputFreqValue=96000000
NVIC.DebugMonitor_IRQn=true\:0\:0\:false\:false\:true\:false\:false
board=custom
NVIC.SysTick_IRQn=true\:0\:0\:false\:false\:true\:false\:true
ProjectManager.LastFirmware=true
RCC.PLLMUL=RCC_PLL_MUL6
RCC.VCOOutput2Freq_Value=12000000
ProjectManager.FirmwarePackage=STM32Cube FW_F1 V1.8.4
MxDb.Version=DB.6.0.21
RCC.APB2Freq_Value=72000000
ProjectManager.BackupPrevious=false
MxCube.Version=6.2.1
SPI1.Mode=SPI_MODE_SLAVE
File.Version=6
VP_SYS_VS_Systick.Mode=SysTick
VP_SYS_VS_ND.Signal=SYS_VS_ND
PA9.Locked=true
NVIC.NonMaskableInt_IRQn=true\:0\:0\:false\:false\:true\:false\:false
NVIC.PendSV_IRQn=true\:0\:0\:false\:false\:true\:false\:false
ProjectManager.FreePins=false
RCC.IPParameters=ADCFreqValue,AHBFreq_Value,APB1CLKDivider,APB1Freq_Value,APB1TimFreq_Value,APB2Freq_Value,APB2TimFreq_Value,FCLKCortexFreq_Value,FLatency-AdvancedSettings,FamilyName,HCLKFreq_Value,HSE_VALUE,I2S2Freq_Value,I2S3Freq_Value,MCOFreq_Value,PLL2CLKoutputFreqValue,PLL2VCOoutputFreqValue,PLL3CLKoutputFreqValue,PLL3VCOoutputFreqValue,PLLCLKFreq_Value,PLLMUL,PLLSourceVirtual,Prediv2FreqValue,SYSCLKFreq_VALUE,SYSCLKSource,TimSysFreq_Value,USBFreq_Value,VCOOutput2Freq_Value
ProjectManager.AskForMigrate=true
Mcu.Name=STM32F105R(8-B-C)Tx
ProjectManager.HalAssertFull=false
PA2.Signal=USART2_TX
ProjectManager.ProjectName=STM105-105RB
ProjectManager.UnderRoot=true
RCC.FLatency-AdvancedSettings=FLASH_LATENCY_2
ProjectManager.CoupleFile=false
RCC.SYSCLKFreq_VALUE=72000000
Mcu.Package=LQFP64
PA6.Signal=SPI1_MISO
RCC.TimSysFreq_Value=72000000
PA5.Locked=true
PA3.Locked=true
PA7.Locked=true
RCC.I2S2Freq_Value=72000000
PA10.Locked=true
NVIC.ForceEnableDMAVector=true
KeepUserPlacement=false
USART2.VirtualMode=VM_ASYNC
NVIC.MemoryManagement_IRQn=true\:0\:0\:false\:false\:true\:false\:false
USART1.VirtualMode=VM_ASYNC
ProjectManager.CompilerOptimize=6
ProjectManager.ToolChainLocation=
VP_SYS_VS_Systick.Signal=SYS_VS_Systick
PA10.Signal=USART1_RX
ProjectManager.HeapSize=0x200
NVIC.HardFault_IRQn=true\:0\:0\:false\:false\:true\:false\:false
RCC.PLL2CLKoutputFreqValue=96000000
Mcu.Pin13=VP_SYS_VS_ND
Mcu.Pin14=VP_SYS_VS_Systick
PB14.GPIOParameters=GPIO_Speed
ProjectManager.ComputerToolchain=false
NVIC.PriorityGroup=NVIC_PRIORITYGROUP_4
Mcu.Pin11=PA9
Mcu.Pin12=PA10
Mcu.Pin10=PC9
RCC.APB1TimFreq_Value=72000000
PA2.Mode=Asynchronous
NVIC.BusFault_IRQn=true\:0\:0\:false\:false\:true\:false\:false
PC9.Signal=GPIO_Output
NVIC.USART1_IRQn=true\:0\:0\:false\:true\:true\:2\:true\:true
RCC.APB1Freq_Value=36000000
SPI1.BaudRatePrescaler=SPI_BAUDRATEPRESCALER_4
RCC.PLL2VCOoutputFreqValue=192000000
ProjectManager.CustomerFirmwarePackage=
ProjectManager.DeviceId=STM32F105RBTx
PB12.GPIOParameters=GPIO_Speed
PB12.Signal=GPIO_Output
NVIC.RCC_IRQn=true\:0\:0\:false\:true\:true\:1\:true\:false
ProjectManager.LibraryCopy=1
RCC.Prediv2FreqValue=12000000
PA3.Signal=USART2_RX
PA5.Mode=Full_Duplex_Slave
PA7.Signal=SPI1_MOSI
PA6.Locked=true
PA2.Locked=true
isbadioc=false
